
Microsoft Visual Studio Solution File, Format Version 12.00
# Visual Studio Version 16
VisualStudioVersion = 16.0.30114.105
MinimumVisualStudioVersion = 10.0.40219.1
Project("{FAE04EC0-301F-11D3-BF4B-00C04F79EFBC}") = "Hello World", "Hello World.csproj", "{8664D92E-CCB8-4D97-BB3D-E6B345DD3158}"
EndProject
Project("{FAE04EC0-301F-11D3-BF4B-00C04F79EFBC}") = "Szyfrator", "..\Szyfrator\Szyfrator.csproj", "{0929596C-E3D7-4FD4-83E4-E43D03E514A9}"
EndProject
Global
	GlobalSection(SolutionConfigurationPlatforms) = preSolution
		Debug|Any CPU = Debug|Any CPU
		Release|Any CPU = Release|Any CPU
	EndGlobalSection
	GlobalSection(ProjectConfigurationPlatforms) = postSolution
		{8664D92E-CCB8-4D97-BB3D-E6B345DD3158}.Debug|Any CPU.ActiveCfg = Debug|Any CPU
		{8664D92E-CCB8-4D97-BB3D-E6B345DD3158}.Debug|Any CPU.Build.0 = Debug|Any CPU
		{8664D92E-CCB8-4D97-BB3D-E6B345DD3158}.Release|Any CPU.ActiveCfg = Release|Any CPU
		{8664D92E-CCB8-4D97-BB3D-E6B345DD3158}.Release|Any CPU.Build.0 = Release|Any CPU
		{0929596C-E3D7-4FD4-83E4-E43D03E514A9}.Debug|Any CPU.ActiveCfg = Debug|Any CPU
		{0929596C-E3D7-4FD4-83E4-E43D03E514A9}.Debug|Any CPU.Build.0 = Debug|Any CPU
		{0929596C-E3D7-4FD4-83E4-E43D03E514A9}.Release|Any CPU.ActiveCfg = Release|Any CPU
		{0929596C-E3D7-4FD4-83E4-E43D03E514A9}.Release|Any CPU.Build.0 = Release|Any CPU
	EndGlobalSection
	GlobalSection(SolutionProperties) = preSolution
		HideSolutionNode = FALSE
	EndGlobalSection
	GlobalSection(ExtensibilityGlobals) = postSolution
		SolutionGuid = {7A7D1F26-324F-47A3-B2B2-2AC3D1CE8B31}
	EndGlobalSection
EndGlobal
